<?xml version="1.0" encoding="utf-8"?>
<Project ToolsVersion="4.0" xmlns="http://schemas.microsoft.com/developer/msbuild/2003">
  <ItemGroup>
    <Filter Include="소스 파일">
      <UniqueIdentifier>{4FC737F1-C7A5-4376-A066-2A32D752A2FF}</UniqueIdentifier>
      <Extensions>cpp;c;cc;cxx;c++;cppm;ixx;def;odl;idl;hpj;bat;asm;asmx</Extensions>
    </Filter>
    <Filter Include="헤더 파일">
      <UniqueIdentifier>{93995380-89BD-4b04-88EB-625FBE52EBFB}</UniqueIdentifier>
      <Extensions>h;hh;hpp;hxx;h++;hm;inl;inc;ipp;xsd</Extensions>
    </Filter>
    <Filter Include="리소스 파일">
      <UniqueIdentifier>{67DA6AB6-F800-4c08-8B7A-83BB121AAD01}</UniqueIdentifier>
      <Extensions>rc;ico;cur;bmp;dlg;rc2;rct;bin;rgs;gif;jpg;jpeg;jpe;resx;tiff;tif;png;wav;mfcribbon-ms</Extensions>
    </Filter>
    <Filter Include="01. Core">
      <UniqueIdentifier>{d0e4d3d1-eadf-4212-827f-45b1aed4b3f2}</UniqueIdentifier>
    </Filter>
    <Filter Include="02. Stage">
      <UniqueIdentifier>{34be199a-ec71-40d0-8052-400ad9eb21f1}</UniqueIdentifier>
    </Filter>
    <Filter Include="03. Shape">
      <UniqueIdentifier>{5021b37d-a582-43df-8904-5cc987da9d75}</UniqueIdentifier>
    </Filter>
    <Filter Include="03. Shape\Figure">
      <UniqueIdentifier>{e23020bc-85ba-43e8-9228-1b9e6f45b657}</UniqueIdentifier>
    </Filter>
  </ItemGroup>
  <ItemGroup>
    <ClCompile Include="tetris.cpp">
      <Filter>소스 파일</Filter>
    </ClCompile>
    <ClCompile Include="Core.cpp">
      <Filter>01. Core</Filter>
    </ClCompile>
    <ClCompile Include="StageManager.cpp">
      <Filter>02. Stage</Filter>
    </ClCompile>
    <ClCompile Include="Stage.cpp">
      <Filter>02. Stage</Filter>
    </ClCompile>
    <ClCompile Include="Shape.cpp">
      <Filter>03. Shape</Filter>
    </ClCompile>
    <ClCompile Include="ShapeManager.cpp">
      <Filter>03. Shape</Filter>
    </ClCompile>
    <ClCompile Include="Rect.cpp">
      <Filter>03. Shape\Figure</Filter>
    </ClCompile>
    <ClCompile Include="ShapeZ.cpp">
      <Filter>03. Shape\Figure</Filter>
    </ClCompile>
    <ClCompile Include="ShapeT.cpp">
      <Filter>03. Shape\Figure</Filter>
    </ClCompile>
    <ClCompile Include="ShapeS.cpp">
      <Filter>03. Shape\Figure</Filter>
    </ClCompile>
    <ClCompile Include="ShapeLine.cpp">
      <Filter>03. Shape\Figure</Filter>
    </ClCompile>
    <ClCompile Include="ShapeGun.cpp">
      <Filter>03. Shape\Figure</Filter>
    </ClCompile>
    <ClCompile Include="ShapeRGun.cpp">
      <Filter>03. Shape\Figure</Filter>
    </ClCompile>
  </ItemGroup>
  <ItemGroup>
    <ClInclude Include="value.h">
      <Filter>헤더 파일</Filter>
    </ClInclude>
    <ClInclude Include="Macro.h">
      <Filter>헤더 파일</Filter>
    </ClInclude>
    <ClInclude Include="Core.h">
      <Filter>01. Core</Filter>
    </ClInclude>
    <ClInclude Include="StageManager.h">
      <Filter>02. Stage</Filter>
    </ClInclude>
    <ClInclude Include="Stage.h">
      <Filter>02. Stage</Filter>
    </ClInclude>
    <ClInclude Include="Shape.h">
      <Filter>03. Shape</Filter>
    </ClInclude>
    <ClInclude Include="ShapeManager.h">
      <Filter>03. Shape</Filter>
    </ClInclude>
    <ClInclude Include="Flags.h">
      <Filter>헤더 파일</Filter>
    </ClInclude>
    <ClInclude Include="Rect.h">
      <Filter>03. Shape\Figure</Filter>
    </ClInclude>
    <ClInclude Include="ShapeZ.h">
      <Filter>03. Shape\Figure</Filter>
    </ClInclude>
    <ClInclude Include="ShapeT.h">
      <Filter>03. Shape\Figure</Filter>
    </ClInclude>
    <ClInclude Include="ShapeS.h">
      <Filter>03. Shape\Figure</Filter>
    </ClInclude>
    <ClInclude Include="ShapeLine.h">
      <Filter>03. Shape\Figure</Filter>
    </ClInclude>
    <ClInclude Include="ShapeGun.h">
      <Filter>03. Shape\Figure</Filter>
    </ClInclude>
    <ClInclude Include="ShapeRGun.h">
      <Filter>03. Shape\Figure</Filter>
    </ClInclude>
  </ItemGroup>
</Project>