<?xml version="1.0" encoding="utf-8"?>
<Project ToolsVersion="4.0" xmlns="http://schemas.microsoft.com/developer/msbuild/2003">
  <ItemGroup>
    <Filter Include="Engine">
      <UniqueIdentifier>{ee89ee12-b7a7-45a3-8596-5e42ed86645e}</UniqueIdentifier>
    </Filter>
    <Filter Include="Default">
      <UniqueIdentifier>{be56213b-c8a0-4916-a68e-6b897374e5ad}</UniqueIdentifier>
    </Filter>
    <Filter Include="Default\리소스 파일">
      <UniqueIdentifier>{67DA6AB6-F800-4c08-8B7A-83BB121AAD01}</UniqueIdentifier>
      <Extensions>rc;ico;cur;bmp;dlg;rc2;rct;bin;rgs;gif;jpg;jpeg;jpe;resx;tiff;tif;png;wav;mfcribbon-ms</Extensions>
    </Filter>
    <Filter Include="Engine\02. Core">
      <UniqueIdentifier>{5d8981ce-41a4-4d8d-bfd0-d1b193bf9daf}</UniqueIdentifier>
    </Filter>
    <Filter Include="Engine\01. Header">
      <UniqueIdentifier>{460c160c-fb81-4257-9f43-64a82bc6d7b3}</UniqueIdentifier>
    </Filter>
    <Filter Include="Engine\04. Object">
      <UniqueIdentifier>{2d8d0192-f9c8-4d7e-8ebc-75326945ee11}</UniqueIdentifier>
    </Filter>
    <Filter Include="Engine\03. Manager">
      <UniqueIdentifier>{c0a4fb47-ccc2-44a5-bce5-f52bcd5fd898}</UniqueIdentifier>
    </Filter>
    <Filter Include="Engine\03. Manager\KeyMgr">
      <UniqueIdentifier>{077c4ebc-8db7-454a-a602-0bc207cc952e}</UniqueIdentifier>
    </Filter>
  </ItemGroup>
  <ItemGroup>
    <ClInclude Include="CCore.h">
      <Filter>Engine\02. Core</Filter>
    </ClInclude>
    <ClInclude Include="Client.h">
      <Filter>Default</Filter>
    </ClInclude>
    <ClInclude Include="framework.h">
      <Filter>Default</Filter>
    </ClInclude>
    <ClInclude Include="Resource.h">
      <Filter>Default</Filter>
    </ClInclude>
    <ClInclude Include="targetver.h">
      <Filter>Default</Filter>
    </ClInclude>
    <ClInclude Include="define.h">
      <Filter>Engine\01. Header</Filter>
    </ClInclude>
    <ClInclude Include="CKeyMgr.h">
      <Filter>Engine\03. Manager\KeyMgr</Filter>
    </ClInclude>
    <ClInclude Include="pch.h" />
    <ClInclude Include="CObject.h">
      <Filter>Engine\04. Object</Filter>
    </ClInclude>
  </ItemGroup>
  <ItemGroup>
    <ResourceCompile Include="Client.rc">
      <Filter>Default\리소스 파일</Filter>
    </ResourceCompile>
  </ItemGroup>
  <ItemGroup>
    <Image Include="small.ico">
      <Filter>Default\리소스 파일</Filter>
    </Image>
    <Image Include="Client.ico">
      <Filter>Default\리소스 파일</Filter>
    </Image>
  </ItemGroup>
  <ItemGroup>
    <ClCompile Include="CCore.cpp">
      <Filter>Engine\02. Core</Filter>
    </ClCompile>
    <ClCompile Include="CKeyMgr.cpp">
      <Filter>Engine\03. Manager\KeyMgr</Filter>
    </ClCompile>
    <ClCompile Include="Client.cpp" />
    <ClCompile Include="CObject.cpp">
      <Filter>Engine\04. Object</Filter>
    </ClCompile>
  </ItemGroup>
</Project>